
Microsoft Visual Studio Solution File, Format Version 12.00
# Visual Studio Version 16
VisualStudioVersion = 16.0.31019.35
MinimumVisualStudioVersion = 10.0.40219.1
Project("{9A19103F-16F7-4668-BE54-9A1E7A4F7556}") = "PosCFG", "PosCFG.csproj", "{0306C034-9D39-4EBB-9831-40E41E6D2FAF}"
EndProject
Global
	GlobalSection(SolutionConfigurationPlatforms) = preSolution
		Debug|Any CPU = Debug|Any CPU
		Release|Any CPU = Release|Any CPU
	EndGlobalSection
	GlobalSection(ProjectConfigurationPlatforms) = postSolution
		{0306C034-9D39-4EBB-9831-40E41E6D2FAF}.Debug|Any CPU.ActiveCfg = Debug|Any CPU
		{0306C034-9D39-4EBB-9831-40E41E6D2FAF}.Debug|Any CPU.Build.0 = Debug|Any CPU
		{0306C034-9D39-4EBB-9831-40E41E6D2FAF}.Release|Any CPU.ActiveCfg = Release|Any CPU
		{0306C034-9D39-4EBB-9831-40E41E6D2FAF}.Release|Any CPU.Build.0 = Release|Any CPU
	EndGlobalSection
	GlobalSection(SolutionProperties) = preSolution
		HideSolutionNode = FALSE
	EndGlobalSection
	GlobalSection(ExtensibilityGlobals) = postSolution
		SolutionGuid = {E6C6D542-603B-4B2D-8AA8-F08A480B744B}
	EndGlobalSection
EndGlobal
